
Microsoft Visual Studio Solution File, Format Version 12.00
# Visual Studio Version 17
VisualStudioVersion = 17.3.32929.385
MinimumVisualStudioVersion = 10.0.40219.1
Project("{FAE04EC0-301F-11D3-BF4B-00C04F79EFBC}") = "WaveZtream", "WaveZtream\WaveZtream.csproj", "{36B894DA-DF32-4867-8D4E-A53694F6C791}"
EndProject
Global
	GlobalSection(SolutionConfigurationPlatforms) = preSolution
		Debug|Any CPU = Debug|Any CPU
		Release|Any CPU = Release|Any CPU
	EndGlobalSection
	GlobalSection(ProjectConfigurationPlatforms) = postSolution
		{36B894DA-DF32-4867-8D4E-A53694F6C791}.Debug|Any CPU.ActiveCfg = Debug|Any CPU
		{36B894DA-DF32-4867-8D4E-A53694F6C791}.Debug|Any CPU.Build.0 = Debug|Any CPU
		{36B894DA-DF32-4867-8D4E-A53694F6C791}.Release|Any CPU.ActiveCfg = Release|Any CPU
		{36B894DA-DF32-4867-8D4E-A53694F6C791}.Release|Any CPU.Build.0 = Release|Any CPU
	EndGlobalSection
	GlobalSection(SolutionProperties) = preSolution
		HideSolutionNode = FALSE
	EndGlobalSection
	GlobalSection(ExtensibilityGlobals) = postSolution
		SolutionGuid = {C268CE92-573A-4B90-9123-898F9FC4994B}
	EndGlobalSection
EndGlobal
